{
  "name": "v33_posluziteljski2",
  "version": "1.0.0",
  "lockfileVersion": 3,
  "requires": true,
  "packages": {
    "": {
      "name": "v33_posluziteljski2",
      "version": "1.0.0",
      "license": "ISC",
      "dependencies": {
        "mojnovinpm77": "^1.0.0"
      }
    },
    "node_modules/lodash": {
      "version": "4.17.21",
      "resolved": "https://registry.npmjs.org/lodash/-/lodash-4.17.21.tgz",
      "integrity": "sha512-v2kDEe57lecTulaDIuNTPy3Ry4gLGJ6Z1O3vE1krgXZNrsQ+LFTGHVxVjcXPs17LhbZVGedAJv8XZ1tvj5FvSg=="
    },
    "node_modules/mojnovinpm77": {
      "version": "1.0.0",
      "resolved": "https://registry.npmjs.org/mojnovinpm77/-/mojnovinpm77-1.0.0.tgz",
      "integrity": "sha512-2gmFl9s5W3oIakiIYsdGZol+Bk75XGxvI7fsPNpwy9d6l0BzQzIbxQYd6kX8FulZaYKiA1wpr3Tg8OQOawCdpQ==",
      "dependencies": {
        "lodash": "^4.17.21"
      }
    }
  }
}
