{
  "name": "npmclear",
  "version": "1.0.0",
  "lockfileVersion": 3,
  "requires": true,
  "packages": {
    "": {
      "name": "npmclear",
      "version": "1.0.0",
      "license": "ISC",
      "dependencies": {
        "mojdanaspaket": "^1.0.0"
      }
    },
    "node_modules/lodash": {
      "version": "4.17.21",
      "resolved": "https://registry.npmjs.org/lodash/-/lodash-4.17.21.tgz",
      "integrity": "sha512-v2kDEe57lecTulaDIuNTPy3Ry4gLGJ6Z1O3vE1krgXZNrsQ+LFTGHVxVjcXPs17LhbZVGedAJv8XZ1tvj5FvSg==",
      "license": "MIT"
    },
    "node_modules/mojdanaspaket": {
      "version": "1.0.0",
      "resolved": "https://registry.npmjs.org/mojdanaspaket/-/mojdanaspaket-1.0.0.tgz",
      "integrity": "sha512-p9NRnOfrrt3KroMDTizhzsBJRNMVLa3mOv+HQ3dMXcJARPa8/OoS+G460tU9qmewOTmlx5XXCuVl9A2onirvMA==",
      "license": "ISC",
      "dependencies": {
        "lodash": "^4.17.21"
      }
    }
  }
}
